
Microsoft Visual Studio Solution File, Format Version 12.00
# Visual Studio Version 17
VisualStudioVersion = 17.11.35327.3
MinimumVisualStudioVersion = 10.0.40219.1
Project("{FAE04EC0-301F-11D3-BF4B-00C04F79EFBC}") = "CodeAlongGitDemo", "CodeAlongGitDemo\CodeAlongGitDemo.csproj", "{9C945B51-4D2E-499F-87F9-5682D76243DC}"
EndProject
Global
	GlobalSection(SolutionConfigurationPlatforms) = preSolution
		Debug|Any CPU = Debug|Any CPU
		Release|Any CPU = Release|Any CPU
	EndGlobalSection
	GlobalSection(ProjectConfigurationPlatforms) = postSolution
		{9C945B51-4D2E-499F-87F9-5682D76243DC}.Debug|Any CPU.ActiveCfg = Debug|Any CPU
		{9C945B51-4D2E-499F-87F9-5682D76243DC}.Debug|Any CPU.Build.0 = Debug|Any CPU
		{9C945B51-4D2E-499F-87F9-5682D76243DC}.Release|Any CPU.ActiveCfg = Release|Any CPU
		{9C945B51-4D2E-499F-87F9-5682D76243DC}.Release|Any CPU.Build.0 = Release|Any CPU
	EndGlobalSection
	GlobalSection(SolutionProperties) = preSolution
		HideSolutionNode = FALSE
	EndGlobalSection
	GlobalSection(ExtensibilityGlobals) = postSolution
		SolutionGuid = {2B2BEFF9-4D2B-419C-8EEF-1EC45A6445E1}
	EndGlobalSection
EndGlobal
